
Microsoft Visual Studio Solution File, Format Version 12.00
# Visual Studio 15
VisualStudioVersion = 15.0.27703.2026
MinimumVisualStudioVersion = 10.0.40219.1
Project("{FAE04EC0-301F-11D3-BF4B-00C04F79EFBC}") = "L101.HelloCSharp", "L101.HelloCSharp\L101.HelloCSharp.csproj", "{0C3B6025-AAE2-4EEA-ABA1-A61B937626D5}"
EndProject
Project("{FAE04EC0-301F-11D3-BF4B-00C04F79EFBC}") = "L102. Square Area", "L202. Square Area\L102. Square Area.csproj", "{84E8203D-36B5-4746-AAF8-273C0E48B780}"
EndProject
Project("{FAE04EC0-301F-11D3-BF4B-00C04F79EFBC}") = "L103.InchesToCantimeters", "ConsoleApp1\L103.InchesToCantimeters.csproj", "{2857649C-CABF-4357-B5AB-8D4D02E8272F}"
EndProject
Project("{FAE04EC0-301F-11D3-BF4B-00C04F79EFBC}") = "L104.GreetingbyName", "L104. Greeting by Name\L104.GreetingbyName.csproj", "{EFDCD943-0722-49FC-BDE2-3F5583A56A25}"
EndProject
Project("{FAE04EC0-301F-11D3-BF4B-00C04F79EFBC}") = "L105TrapezoidArea", "L105TrapezoidArea\L105TrapezoidArea.csproj", "{C185A9D2-9FD8-4296-8137-79876889AC55}"
EndProject
Project("{FAE04EC0-301F-11D3-BF4B-00C04F79EFBC}") = "L106ConcatenateData", "L106ConcatenateData\L106ConcatenateData.csproj", "{60F76E16-5FD8-44B4-8994-5F0D008D346C}"
EndProject
Project("{FAE04EC0-301F-11D3-BF4B-00C04F79EFBC}") = "L107CircleAreaAndPerimeter", "L107CircleAreaAndPerimeter\L107CircleAreaAndPerimeter.csproj", "{B4F474FD-345B-461C-A1E2-3880991CE82B}"
EndProject
Project("{FAE04EC0-301F-11D3-BF4B-00C04F79EFBC}") = "L1082DRectangleArea", "L1082DRectangleArea\L1082DRectangleArea.csproj", "{2862D3BB-A8C3-428E-A6FC-C46FF6D7D39A}"
EndProject
Project("{FAE04EC0-301F-11D3-BF4B-00C04F79EFBC}") = "L109TriangleArea", "L109TriangleArea\L109TriangleArea.csproj", "{3978267F-3523-466D-9AEF-51210747A662}"
EndProject
Project("{FAE04EC0-301F-11D3-BF4B-00C04F79EFBC}") = "L110IntegerTypes", "L110IntegerTypes\L110IntegerTypes.csproj", "{D1234687-4C6E-4F83-BCA5-F3066A9A60FC}"
EndProject
Project("{FAE04EC0-301F-11D3-BF4B-00C04F79EFBC}") = "L111RealNumberTypes", "L111RealNumberTypes\L111RealNumberTypes.csproj", "{5DF5C6DC-4BE8-46F0-A06E-3F7CA570F401}"
EndProject
Project("{FAE04EC0-301F-11D3-BF4B-00C04F79EFBC}") = "L112BigPower", "L112BigPower\L112BigPower.csproj", "{96A1A49F-D992-4FBA-8179-0D09D0479DF5}"
EndProject
Project("{FAE04EC0-301F-11D3-BF4B-00C04F79EFBC}") = "L113HornetWings", "L113HornetWings\L113HornetWings.csproj", "{024052FC-4C64-4DF5-8952-52C5D0DB0EF8}"
EndProject
Global
	GlobalSection(SolutionConfigurationPlatforms) = preSolution
		Debug|Any CPU = Debug|Any CPU
		Release|Any CPU = Release|Any CPU
	EndGlobalSection
	GlobalSection(ProjectConfigurationPlatforms) = postSolution
		{0C3B6025-AAE2-4EEA-ABA1-A61B937626D5}.Debug|Any CPU.ActiveCfg = Debug|Any CPU
		{0C3B6025-AAE2-4EEA-ABA1-A61B937626D5}.Debug|Any CPU.Build.0 = Debug|Any CPU
		{0C3B6025-AAE2-4EEA-ABA1-A61B937626D5}.Release|Any CPU.ActiveCfg = Release|Any CPU
		{0C3B6025-AAE2-4EEA-ABA1-A61B937626D5}.Release|Any CPU.Build.0 = Release|Any CPU
		{84E8203D-36B5-4746-AAF8-273C0E48B780}.Debug|Any CPU.ActiveCfg = Debug|Any CPU
		{84E8203D-36B5-4746-AAF8-273C0E48B780}.Debug|Any CPU.Build.0 = Debug|Any CPU
		{84E8203D-36B5-4746-AAF8-273C0E48B780}.Release|Any CPU.ActiveCfg = Release|Any CPU
		{84E8203D-36B5-4746-AAF8-273C0E48B780}.Release|Any CPU.Build.0 = Release|Any CPU
		{2857649C-CABF-4357-B5AB-8D4D02E8272F}.Debug|Any CPU.ActiveCfg = Debug|Any CPU
		{2857649C-CABF-4357-B5AB-8D4D02E8272F}.Debug|Any CPU.Build.0 = Debug|Any CPU
		{2857649C-CABF-4357-B5AB-8D4D02E8272F}.Release|Any CPU.ActiveCfg = Release|Any CPU
		{2857649C-CABF-4357-B5AB-8D4D02E8272F}.Release|Any CPU.Build.0 = Release|Any CPU
		{EFDCD943-0722-49FC-BDE2-3F5583A56A25}.Debug|Any CPU.ActiveCfg = Debug|Any CPU
		{EFDCD943-0722-49FC-BDE2-3F5583A56A25}.Debug|Any CPU.Build.0 = Debug|Any CPU
		{EFDCD943-0722-49FC-BDE2-3F5583A56A25}.Release|Any CPU.ActiveCfg = Release|Any CPU
		{EFDCD943-0722-49FC-BDE2-3F5583A56A25}.Release|Any CPU.Build.0 = Release|Any CPU
		{C185A9D2-9FD8-4296-8137-79876889AC55}.Debug|Any CPU.ActiveCfg = Debug|Any CPU
		{C185A9D2-9FD8-4296-8137-79876889AC55}.Debug|Any CPU.Build.0 = Debug|Any CPU
		{C185A9D2-9FD8-4296-8137-79876889AC55}.Release|Any CPU.ActiveCfg = Release|Any CPU
		{C185A9D2-9FD8-4296-8137-79876889AC55}.Release|Any CPU.Build.0 = Release|Any CPU
		{60F76E16-5FD8-44B4-8994-5F0D008D346C}.Debug|Any CPU.ActiveCfg = Debug|Any CPU
		{60F76E16-5FD8-44B4-8994-5F0D008D346C}.Debug|Any CPU.Build.0 = Debug|Any CPU
		{60F76E16-5FD8-44B4-8994-5F0D008D346C}.Release|Any CPU.ActiveCfg = Release|Any CPU
		{60F76E16-5FD8-44B4-8994-5F0D008D346C}.Release|Any CPU.Build.0 = Release|Any CPU
		{B4F474FD-345B-461C-A1E2-3880991CE82B}.Debug|Any CPU.ActiveCfg = Debug|Any CPU
		{B4F474FD-345B-461C-A1E2-3880991CE82B}.Debug|Any CPU.Build.0 = Debug|Any CPU
		{B4F474FD-345B-461C-A1E2-3880991CE82B}.Release|Any CPU.ActiveCfg = Release|Any CPU
		{B4F474FD-345B-461C-A1E2-3880991CE82B}.Release|Any CPU.Build.0 = Release|Any CPU
		{2862D3BB-A8C3-428E-A6FC-C46FF6D7D39A}.Debug|Any CPU.ActiveCfg = Debug|Any CPU
		{2862D3BB-A8C3-428E-A6FC-C46FF6D7D39A}.Debug|Any CPU.Build.0 = Debug|Any CPU
		{2862D3BB-A8C3-428E-A6FC-C46FF6D7D39A}.Release|Any CPU.ActiveCfg = Release|Any CPU
		{2862D3BB-A8C3-428E-A6FC-C46FF6D7D39A}.Release|Any CPU.Build.0 = Release|Any CPU
		{3978267F-3523-466D-9AEF-51210747A662}.Debug|Any CPU.ActiveCfg = Debug|Any CPU
		{3978267F-3523-466D-9AEF-51210747A662}.Debug|Any CPU.Build.0 = Debug|Any CPU
		{3978267F-3523-466D-9AEF-51210747A662}.Release|Any CPU.ActiveCfg = Release|Any CPU
		{3978267F-3523-466D-9AEF-51210747A662}.Release|Any CPU.Build.0 = Release|Any CPU
		{D1234687-4C6E-4F83-BCA5-F3066A9A60FC}.Debug|Any CPU.ActiveCfg = Debug|Any CPU
		{D1234687-4C6E-4F83-BCA5-F3066A9A60FC}.Debug|Any CPU.Build.0 = Debug|Any CPU
		{D1234687-4C6E-4F83-BCA5-F3066A9A60FC}.Release|Any CPU.ActiveCfg = Release|Any CPU
		{D1234687-4C6E-4F83-BCA5-F3066A9A60FC}.Release|Any CPU.Build.0 = Release|Any CPU
		{5DF5C6DC-4BE8-46F0-A06E-3F7CA570F401}.Debug|Any CPU.ActiveCfg = Debug|Any CPU
		{5DF5C6DC-4BE8-46F0-A06E-3F7CA570F401}.Debug|Any CPU.Build.0 = Debug|Any CPU
		{5DF5C6DC-4BE8-46F0-A06E-3F7CA570F401}.Release|Any CPU.ActiveCfg = Release|Any CPU
		{5DF5C6DC-4BE8-46F0-A06E-3F7CA570F401}.Release|Any CPU.Build.0 = Release|Any CPU
		{96A1A49F-D992-4FBA-8179-0D09D0479DF5}.Debug|Any CPU.ActiveCfg = Debug|Any CPU
		{96A1A49F-D992-4FBA-8179-0D09D0479DF5}.Debug|Any CPU.Build.0 = Debug|Any CPU
		{96A1A49F-D992-4FBA-8179-0D09D0479DF5}.Release|Any CPU.ActiveCfg = Release|Any CPU
		{96A1A49F-D992-4FBA-8179-0D09D0479DF5}.Release|Any CPU.Build.0 = Release|Any CPU
		{024052FC-4C64-4DF5-8952-52C5D0DB0EF8}.Debug|Any CPU.ActiveCfg = Debug|Any CPU
		{024052FC-4C64-4DF5-8952-52C5D0DB0EF8}.Debug|Any CPU.Build.0 = Debug|Any CPU
		{024052FC-4C64-4DF5-8952-52C5D0DB0EF8}.Release|Any CPU.ActiveCfg = Release|Any CPU
		{024052FC-4C64-4DF5-8952-52C5D0DB0EF8}.Release|Any CPU.Build.0 = Release|Any CPU
	EndGlobalSection
	GlobalSection(SolutionProperties) = preSolution
		HideSolutionNode = FALSE
	EndGlobalSection
	GlobalSection(ExtensibilityGlobals) = postSolution
		SolutionGuid = {D88E45F2-4376-4970-BB15-7CD805EAF3F5}
	EndGlobalSection
EndGlobal
